
Microsoft Visual Studio Solution File, Format Version 12.00
# Visual Studio Version 16
VisualStudioVersion = 16.0.31702.278
MinimumVisualStudioVersion = 10.0.40219.1
Project("{9A19103F-16F7-4668-BE54-9A1E7A4F7556}") = "AspNetCoreMVC", "AspNetCoreMVC\AspNetCoreMVC.csproj", "{D17E0873-AC07-4324-BBA3-E1B888F5C84C}"
EndProject
Global
	GlobalSection(SolutionConfigurationPlatforms) = preSolution
		Debug|Any CPU = Debug|Any CPU
		Release|Any CPU = Release|Any CPU
	EndGlobalSection
	GlobalSection(ProjectConfigurationPlatforms) = postSolution
		{D17E0873-AC07-4324-BBA3-E1B888F5C84C}.Debug|Any CPU.ActiveCfg = Debug|Any CPU
		{D17E0873-AC07-4324-BBA3-E1B888F5C84C}.Debug|Any CPU.Build.0 = Debug|Any CPU
		{D17E0873-AC07-4324-BBA3-E1B888F5C84C}.Release|Any CPU.ActiveCfg = Release|Any CPU
		{D17E0873-AC07-4324-BBA3-E1B888F5C84C}.Release|Any CPU.Build.0 = Release|Any CPU
	EndGlobalSection
	GlobalSection(SolutionProperties) = preSolution
		HideSolutionNode = FALSE
	EndGlobalSection
	GlobalSection(ExtensibilityGlobals) = postSolution
		SolutionGuid = {378615EF-AEE6-49EA-96AF-1A6CB27543D1}
	EndGlobalSection
EndGlobal
